
Microsoft Visual Studio Solution File, Format Version 12.00
# Visual Studio Version 17
VisualStudioVersion = 17.7.34202.233
MinimumVisualStudioVersion = 10.0.40219.1
Project("{9A19103F-16F7-4668-BE54-9A1E7A4F7556}") = "Fresh Farm Market", "Fresh Farm Market.csproj", "{10CD311C-D8C8-45D9-A44C-AEFAB707E629}"
EndProject
Global
	GlobalSection(SolutionConfigurationPlatforms) = preSolution
		Debug|Any CPU = Debug|Any CPU
		Release|Any CPU = Release|Any CPU
	EndGlobalSection
	GlobalSection(ProjectConfigurationPlatforms) = postSolution
		{10CD311C-D8C8-45D9-A44C-AEFAB707E629}.Debug|Any CPU.ActiveCfg = Debug|Any CPU
		{10CD311C-D8C8-45D9-A44C-AEFAB707E629}.Debug|Any CPU.Build.0 = Debug|Any CPU
		{10CD311C-D8C8-45D9-A44C-AEFAB707E629}.Release|Any CPU.ActiveCfg = Release|Any CPU
		{10CD311C-D8C8-45D9-A44C-AEFAB707E629}.Release|Any CPU.Build.0 = Release|Any CPU
	EndGlobalSection
	GlobalSection(SolutionProperties) = preSolution
		HideSolutionNode = FALSE
	EndGlobalSection
	GlobalSection(ExtensibilityGlobals) = postSolution
		SolutionGuid = {3DBC43AE-C259-498C-A9AD-5A1B9F7CDCBC}
	EndGlobalSection
EndGlobal
